
Microsoft Visual Studio Solution File, Format Version 12.00
# Visual Studio Version 17
VisualStudioVersion = 17.13.35931.197 d17.13
MinimumVisualStudioVersion = 10.0.40219.1
Project("{FAE04EC0-301F-11D3-BF4B-00C04F79EFBC}") = "0512_TrafficLight", "0512_TrafficLight.csproj", "{82810AB5-AE6F-4283-9936-E511B1C3B3B1}"
EndProject
Global
	GlobalSection(SolutionConfigurationPlatforms) = preSolution
		Debug|Any CPU = Debug|Any CPU
		Release|Any CPU = Release|Any CPU
	EndGlobalSection
	GlobalSection(ProjectConfigurationPlatforms) = postSolution
		{82810AB5-AE6F-4283-9936-E511B1C3B3B1}.Debug|Any CPU.ActiveCfg = Debug|Any CPU
		{82810AB5-AE6F-4283-9936-E511B1C3B3B1}.Debug|Any CPU.Build.0 = Debug|Any CPU
		{82810AB5-AE6F-4283-9936-E511B1C3B3B1}.Release|Any CPU.ActiveCfg = Release|Any CPU
		{82810AB5-AE6F-4283-9936-E511B1C3B3B1}.Release|Any CPU.Build.0 = Release|Any CPU
	EndGlobalSection
	GlobalSection(SolutionProperties) = preSolution
		HideSolutionNode = FALSE
	EndGlobalSection
	GlobalSection(ExtensibilityGlobals) = postSolution
		SolutionGuid = {64397B5B-5BE7-42E1-8FBD-26992B474A1A}
	EndGlobalSection
EndGlobal
