
Microsoft Visual Studio Solution File, Format Version 12.00
# Visual Studio Version 17
VisualStudioVersion = 17.13.35818.85 d17.13
MinimumVisualStudioVersion = 10.0.40219.1
Project("{FAE04EC0-301F-11D3-BF4B-00C04F79EFBC}") = "0525_DrinkMachine", "0525_DrinkMachine.csproj", "{67B0BCAD-AB9E-48E9-888C-7A3ECA5B1EC2}"
EndProject
Global
	GlobalSection(SolutionConfigurationPlatforms) = preSolution
		Debug|Any CPU = Debug|Any CPU
		Release|Any CPU = Release|Any CPU
	EndGlobalSection
	GlobalSection(ProjectConfigurationPlatforms) = postSolution
		{67B0BCAD-AB9E-48E9-888C-7A3ECA5B1EC2}.Debug|Any CPU.ActiveCfg = Debug|Any CPU
		{67B0BCAD-AB9E-48E9-888C-7A3ECA5B1EC2}.Debug|Any CPU.Build.0 = Debug|Any CPU
		{67B0BCAD-AB9E-48E9-888C-7A3ECA5B1EC2}.Release|Any CPU.ActiveCfg = Release|Any CPU
		{67B0BCAD-AB9E-48E9-888C-7A3ECA5B1EC2}.Release|Any CPU.Build.0 = Release|Any CPU
	EndGlobalSection
	GlobalSection(SolutionProperties) = preSolution
		HideSolutionNode = FALSE
	EndGlobalSection
	GlobalSection(ExtensibilityGlobals) = postSolution
		SolutionGuid = {99E91643-0BFE-41ED-A3C3-C4D46582021C}
	EndGlobalSection
EndGlobal
