
Microsoft Visual Studio Solution File, Format Version 12.00
# Visual Studio Version 17
VisualStudioVersion = 17.13.35931.197 d17.13
MinimumVisualStudioVersion = 10.0.40219.1
Project("{FAE04EC0-301F-11D3-BF4B-00C04F79EFBC}") = "0617_PLC_Graph", "0617_PLC_Graph.csproj", "{484C4D85-0BBF-4ADE-AEB3-2DA73C07E703}"
EndProject
Global
	GlobalSection(SolutionConfigurationPlatforms) = preSolution
		Debug|Any CPU = Debug|Any CPU
		Release|Any CPU = Release|Any CPU
	EndGlobalSection
	GlobalSection(ProjectConfigurationPlatforms) = postSolution
		{484C4D85-0BBF-4ADE-AEB3-2DA73C07E703}.Debug|Any CPU.ActiveCfg = Debug|Any CPU
		{484C4D85-0BBF-4ADE-AEB3-2DA73C07E703}.Debug|Any CPU.Build.0 = Debug|Any CPU
		{484C4D85-0BBF-4ADE-AEB3-2DA73C07E703}.Release|Any CPU.ActiveCfg = Release|Any CPU
		{484C4D85-0BBF-4ADE-AEB3-2DA73C07E703}.Release|Any CPU.Build.0 = Release|Any CPU
	EndGlobalSection
	GlobalSection(SolutionProperties) = preSolution
		HideSolutionNode = FALSE
	EndGlobalSection
	GlobalSection(ExtensibilityGlobals) = postSolution
		SolutionGuid = {5E439B0B-0F48-400E-90FA-20C2BE0EACF3}
	EndGlobalSection
EndGlobal
