
Microsoft Visual Studio Solution File, Format Version 12.00
# Visual Studio Version 17
VisualStudioVersion = 17.13.35931.197 d17.13
MinimumVisualStudioVersion = 10.0.40219.1
Project("{FAE04EC0-301F-11D3-BF4B-00C04F79EFBC}") = "0514_ImgTest", "0514_ImgTest.csproj", "{7C6EFD33-9FE7-41CE-BCC8-FCB720FA6B78}"
EndProject
Global
	GlobalSection(SolutionConfigurationPlatforms) = preSolution
		Debug|Any CPU = Debug|Any CPU
		Release|Any CPU = Release|Any CPU
	EndGlobalSection
	GlobalSection(ProjectConfigurationPlatforms) = postSolution
		{7C6EFD33-9FE7-41CE-BCC8-FCB720FA6B78}.Debug|Any CPU.ActiveCfg = Debug|Any CPU
		{7C6EFD33-9FE7-41CE-BCC8-FCB720FA6B78}.Debug|Any CPU.Build.0 = Debug|Any CPU
		{7C6EFD33-9FE7-41CE-BCC8-FCB720FA6B78}.Release|Any CPU.ActiveCfg = Release|Any CPU
		{7C6EFD33-9FE7-41CE-BCC8-FCB720FA6B78}.Release|Any CPU.Build.0 = Release|Any CPU
	EndGlobalSection
	GlobalSection(SolutionProperties) = preSolution
		HideSolutionNode = FALSE
	EndGlobalSection
	GlobalSection(ExtensibilityGlobals) = postSolution
		SolutionGuid = {67AE6F67-422A-4734-A499-3D533C1259A3}
	EndGlobalSection
EndGlobal
